
Microsoft Visual Studio Solution File, Format Version 12.00
# Visual Studio Version 16
VisualStudioVersion = 16.0.29911.84
MinimumVisualStudioVersion = 10.0.40219.1
Project("{9A19103F-16F7-4668-BE54-9A1E7A4F7556}") = "Excel2Json", "Excel2Json\Excel2Json.csproj", "{F4D8C591-5C30-468B-A97A-536F2E90E194}"
EndProject
Project("{FAE04EC0-301F-11D3-BF4B-00C04F79EFBC}") = "Formtest", "Formtest\Formtest.csproj", "{26B446C3-55D0-41AF-8881-0FD4CB2418C6}"
EndProject
Global
	GlobalSection(SolutionConfigurationPlatforms) = preSolution
		Debug|Any CPU = Debug|Any CPU
		Release|Any CPU = Release|Any CPU
	EndGlobalSection
	GlobalSection(ProjectConfigurationPlatforms) = postSolution
		{F4D8C591-5C30-468B-A97A-536F2E90E194}.Debug|Any CPU.ActiveCfg = Debug|Any CPU
		{F4D8C591-5C30-468B-A97A-536F2E90E194}.Debug|Any CPU.Build.0 = Debug|Any CPU
		{F4D8C591-5C30-468B-A97A-536F2E90E194}.Release|Any CPU.ActiveCfg = Release|Any CPU
		{F4D8C591-5C30-468B-A97A-536F2E90E194}.Release|Any CPU.Build.0 = Release|Any CPU
		{26B446C3-55D0-41AF-8881-0FD4CB2418C6}.Debug|Any CPU.ActiveCfg = Debug|Any CPU
		{26B446C3-55D0-41AF-8881-0FD4CB2418C6}.Debug|Any CPU.Build.0 = Debug|Any CPU
		{26B446C3-55D0-41AF-8881-0FD4CB2418C6}.Release|Any CPU.ActiveCfg = Release|Any CPU
		{26B446C3-55D0-41AF-8881-0FD4CB2418C6}.Release|Any CPU.Build.0 = Release|Any CPU
	EndGlobalSection
	GlobalSection(SolutionProperties) = preSolution
		HideSolutionNode = FALSE
	EndGlobalSection
	GlobalSection(ExtensibilityGlobals) = postSolution
		SolutionGuid = {1CE632F5-7934-40F5-BF47-6B351D26B063}
	EndGlobalSection
EndGlobal
